<?xml version="1.0" encoding="utf-8"?>
<Project ToolsVersion="4.0" xmlns="http://schemas.microsoft.com/developer/msbuild/2003">
  <ItemGroup>
    <Filter Include="소스 파일">
      <UniqueIdentifier>{4FC737F1-C7A5-4376-A066-2A32D752A2FF}</UniqueIdentifier>
      <Extensions>cpp;c;cc;cxx;c++;cppm;ixx;def;odl;idl;hpj;bat;asm;asmx</Extensions>
    </Filter>
    <Filter Include="헤더 파일">
      <UniqueIdentifier>{93995380-89BD-4b04-88EB-625FBE52EBFB}</UniqueIdentifier>
      <Extensions>h;hh;hpp;hxx;h++;hm;inl;inc;ipp;xsd</Extensions>
    </Filter>
    <Filter Include="리소스 파일">
      <UniqueIdentifier>{67DA6AB6-F800-4c08-8B7A-83BB121AAD01}</UniqueIdentifier>
      <Extensions>rc;ico;cur;bmp;dlg;rc2;rct;bin;rgs;gif;jpg;jpeg;jpe;resx;tiff;tif;png;wav;mfcribbon-ms</Extensions>
    </Filter>
    <Filter Include="소스 파일\Manager">
      <UniqueIdentifier>{420a2785-5d76-4be2-a2f8-8625dc372071}</UniqueIdentifier>
    </Filter>
    <Filter Include="소스 파일\Character">
      <UniqueIdentifier>{3b3d9099-fcf8-4734-bd3b-728d64b424ab}</UniqueIdentifier>
    </Filter>
    <Filter Include="소스 파일\Items">
      <UniqueIdentifier>{e69690b7-ade6-4507-b67b-678c31b6b2e2}</UniqueIdentifier>
    </Filter>
    <Filter Include="소스 파일\Enity">
      <UniqueIdentifier>{3e6c3ca9-f985-4bbd-8044-754e35bbae3b}</UniqueIdentifier>
    </Filter>
    <Filter Include="헤더 파일\Character">
      <UniqueIdentifier>{e5508807-dfd4-430e-9ebf-7f0996043cf1}</UniqueIdentifier>
    </Filter>
    <Filter Include="헤더 파일\Manager">
      <UniqueIdentifier>{2e16bc63-7315-4683-9003-d1b3ff2c6748}</UniqueIdentifier>
    </Filter>
    <Filter Include="헤더 파일\Items">
      <UniqueIdentifier>{36a98cc3-36fe-45c7-bb92-5b1553e2b50a}</UniqueIdentifier>
    </Filter>
    <Filter Include="헤더 파일\Entity">
      <UniqueIdentifier>{43b544dd-f7c6-4a64-aa5e-80d41c8709b6}</UniqueIdentifier>
    </Filter>
    <Filter Include="소스 파일\Map">
      <UniqueIdentifier>{48cbd210-a6d6-4942-8c28-6b583a3afbf1}</UniqueIdentifier>
    </Filter>
    <Filter Include="헤더 파일\Map">
      <UniqueIdentifier>{de00309b-d681-4db6-8027-f0b560ef8ec1}</UniqueIdentifier>
    </Filter>
  </ItemGroup>
  <ItemGroup>
    <ClCompile Include="TextRPG.cpp">
      <Filter>소스 파일</Filter>
    </ClCompile>
    <ClCompile Include="GameInfo.cpp">
      <Filter>소스 파일</Filter>
    </ClCompile>
    <ClCompile Include="GameManager.cpp">
      <Filter>소스 파일\Manager</Filter>
    </ClCompile>
    <ClCompile Include="MapManager.cpp">
      <Filter>소스 파일\Manager</Filter>
    </ClCompile>
    <ClCompile Include="Actor.cpp">
      <Filter>소스 파일\Character</Filter>
    </ClCompile>
    <ClCompile Include="Player.cpp">
      <Filter>소스 파일\Character</Filter>
    </ClCompile>
    <ClCompile Include="BlackSmithMap.cpp">
      <Filter>소스 파일\Map</Filter>
    </ClCompile>
    <ClCompile Include="Inventory.cpp">
      <Filter>소스 파일\Items</Filter>
    </ClCompile>
    <ClCompile Include="Weapon.cpp">
      <Filter>소스 파일\Items</Filter>
    </ClCompile>
    <ClCompile Include="Stat.cpp">
      <Filter>소스 파일\Enity</Filter>
    </ClCompile>
    <ClCompile Include="Item.cpp">
      <Filter>소스 파일\Enity</Filter>
    </ClCompile>
    <ClCompile Include="EnforceMap.cpp">
      <Filter>소스 파일\Map</Filter>
    </ClCompile>
    <ClCompile Include="MapData.cpp">
      <Filter>소스 파일\Map</Filter>
    </ClCompile>
    <ClCompile Include="ShopMap.cpp">
      <Filter>소스 파일\Map</Filter>
    </ClCompile>
    <ClCompile Include="TempleMap.cpp">
      <Filter>소스 파일\Map</Filter>
    </ClCompile>
    <ClCompile Include="VillageMap.cpp">
      <Filter>소스 파일\Map</Filter>
    </ClCompile>
    <ClCompile Include="FieldMap.cpp">
      <Filter>소스 파일\Map</Filter>
    </ClCompile>
    <ClCompile Include="Armor.cpp">
      <Filter>소스 파일\Items</Filter>
    </ClCompile>
    <ClCompile Include="Monster.cpp">
      <Filter>소스 파일</Filter>
    </ClCompile>
  </ItemGroup>
  <ItemGroup>
    <ClInclude Include="Enums.h">
      <Filter>헤더 파일</Filter>
    </ClInclude>
    <ClInclude Include="Actor.h">
      <Filter>헤더 파일\Character</Filter>
    </ClInclude>
    <ClInclude Include="Player.h">
      <Filter>헤더 파일\Character</Filter>
    </ClInclude>
    <ClInclude Include="BlackSmithMap.h">
      <Filter>헤더 파일\Map</Filter>
    </ClInclude>
    <ClInclude Include="MapManager.h">
      <Filter>헤더 파일\Manager</Filter>
    </ClInclude>
    <ClInclude Include="GameManager.h">
      <Filter>헤더 파일\Manager</Filter>
    </ClInclude>
    <ClInclude Include="Inventory.h">
      <Filter>헤더 파일\Items</Filter>
    </ClInclude>
    <ClInclude Include="Weapon.h">
      <Filter>헤더 파일\Items</Filter>
    </ClInclude>
    <ClInclude Include="Item.h">
      <Filter>헤더 파일\Entity</Filter>
    </ClInclude>
    <ClInclude Include="Stat.h">
      <Filter>헤더 파일\Entity</Filter>
    </ClInclude>
    <ClInclude Include="Constants.h">
      <Filter>헤더 파일\Entity</Filter>
    </ClInclude>
    <ClInclude Include="EnforceMap.h">
      <Filter>헤더 파일\Map</Filter>
    </ClInclude>
    <ClInclude Include="MapData.h">
      <Filter>헤더 파일\Map</Filter>
    </ClInclude>
    <ClInclude Include="ShopMap.h">
      <Filter>헤더 파일\Map</Filter>
    </ClInclude>
    <ClInclude Include="TempleMap.h">
      <Filter>헤더 파일\Map</Filter>
    </ClInclude>
    <ClInclude Include="VillageMap.h">
      <Filter>헤더 파일\Map</Filter>
    </ClInclude>
    <ClInclude Include="FieldMap.h">
      <Filter>헤더 파일\Map</Filter>
    </ClInclude>
    <ClInclude Include="Armor.h">
      <Filter>헤더 파일\Items</Filter>
    </ClInclude>
    <ClInclude Include="Monster.h">
      <Filter>헤더 파일</Filter>
    </ClInclude>
  </ItemGroup>
</Project>